
Microsoft Visual Studio Solution File, Format Version 12.00
# Visual Studio Version 17
VisualStudioVersion = 17.1.32210.238
MinimumVisualStudioVersion = 10.0.40219.1
Project("{FAE04EC0-301F-11D3-BF4B-00C04F79EFBC}") = "WebApplication1", "WebApplication1\WebApplication1.csproj", "{D6AE67E0-E0CD-42A9-A583-6FED5E0BAEA2}"
EndProject
Global
	GlobalSection(SolutionConfigurationPlatforms) = preSolution
		Debug|Any CPU = Debug|Any CPU
		Release|Any CPU = Release|Any CPU
	EndGlobalSection
	GlobalSection(ProjectConfigurationPlatforms) = postSolution
		{D6AE67E0-E0CD-42A9-A583-6FED5E0BAEA2}.Debug|Any CPU.ActiveCfg = Debug|Any CPU
		{D6AE67E0-E0CD-42A9-A583-6FED5E0BAEA2}.Debug|Any CPU.Build.0 = Debug|Any CPU
		{D6AE67E0-E0CD-42A9-A583-6FED5E0BAEA2}.Release|Any CPU.ActiveCfg = Release|Any CPU
		{D6AE67E0-E0CD-42A9-A583-6FED5E0BAEA2}.Release|Any CPU.Build.0 = Release|Any CPU
	EndGlobalSection
	GlobalSection(SolutionProperties) = preSolution
		HideSolutionNode = FALSE
	EndGlobalSection
	GlobalSection(ExtensibilityGlobals) = postSolution
		SolutionGuid = {8E1386C9-C748-4080-B640-562247D81E2A}
	EndGlobalSection
EndGlobal
